
Microsoft Visual Studio Solution File, Format Version 12.00
# Visual Studio Version 17
VisualStudioVersion = 17.5.33502.453
MinimumVisualStudioVersion = 10.0.40219.1
Project("{8BC9CEB8-8B4A-11D0-8D11-00A0C91BC942}") = "mbrStatic", "mbrStatic\mbrStatic.vcxproj", "{F87F1B21-6EED-4660-B9CD-AA7A293B169A}"
EndProject
Project("{8BC9CEB8-8B4A-11D0-8D11-00A0C91BC942}") = "mbrStaticfunc", "mbrStaticfunc\mbrStaticfunc.vcxproj", "{9034C702-64B6-442F-AAD4-A7DF649D3DA9}"
EndProject
Project("{8BC9CEB8-8B4A-11D0-8D11-00A0C91BC942}") = "Konstruktor", "Konstruktor\Konstruktor.vcxproj", "{57A8D2E8-ABCB-48B8-A3AB-E11A1CB4C0C5}"
EndProject
Global
	GlobalSection(SolutionConfigurationPlatforms) = preSolution
		Debug|x64 = Debug|x64
		Debug|x86 = Debug|x86
		Release|x64 = Release|x64
		Release|x86 = Release|x86
	EndGlobalSection
	GlobalSection(ProjectConfigurationPlatforms) = postSolution
		{F87F1B21-6EED-4660-B9CD-AA7A293B169A}.Debug|x64.ActiveCfg = Debug|x64
		{F87F1B21-6EED-4660-B9CD-AA7A293B169A}.Debug|x64.Build.0 = Debug|x64
		{F87F1B21-6EED-4660-B9CD-AA7A293B169A}.Debug|x86.ActiveCfg = Debug|Win32
		{F87F1B21-6EED-4660-B9CD-AA7A293B169A}.Debug|x86.Build.0 = Debug|Win32
		{F87F1B21-6EED-4660-B9CD-AA7A293B169A}.Release|x64.ActiveCfg = Release|x64
		{F87F1B21-6EED-4660-B9CD-AA7A293B169A}.Release|x64.Build.0 = Release|x64
		{F87F1B21-6EED-4660-B9CD-AA7A293B169A}.Release|x86.ActiveCfg = Release|Win32
		{F87F1B21-6EED-4660-B9CD-AA7A293B169A}.Release|x86.Build.0 = Release|Win32
		{9034C702-64B6-442F-AAD4-A7DF649D3DA9}.Debug|x64.ActiveCfg = Debug|x64
		{9034C702-64B6-442F-AAD4-A7DF649D3DA9}.Debug|x64.Build.0 = Debug|x64
		{9034C702-64B6-442F-AAD4-A7DF649D3DA9}.Debug|x86.ActiveCfg = Debug|Win32
		{9034C702-64B6-442F-AAD4-A7DF649D3DA9}.Debug|x86.Build.0 = Debug|Win32
		{9034C702-64B6-442F-AAD4-A7DF649D3DA9}.Release|x64.ActiveCfg = Release|x64
		{9034C702-64B6-442F-AAD4-A7DF649D3DA9}.Release|x64.Build.0 = Release|x64
		{9034C702-64B6-442F-AAD4-A7DF649D3DA9}.Release|x86.ActiveCfg = Release|Win32
		{9034C702-64B6-442F-AAD4-A7DF649D3DA9}.Release|x86.Build.0 = Release|Win32
		{57A8D2E8-ABCB-48B8-A3AB-E11A1CB4C0C5}.Debug|x64.ActiveCfg = Debug|x64
		{57A8D2E8-ABCB-48B8-A3AB-E11A1CB4C0C5}.Debug|x64.Build.0 = Debug|x64
		{57A8D2E8-ABCB-48B8-A3AB-E11A1CB4C0C5}.Debug|x86.ActiveCfg = Debug|Win32
		{57A8D2E8-ABCB-48B8-A3AB-E11A1CB4C0C5}.Debug|x86.Build.0 = Debug|Win32
		{57A8D2E8-ABCB-48B8-A3AB-E11A1CB4C0C5}.Release|x64.ActiveCfg = Release|x64
		{57A8D2E8-ABCB-48B8-A3AB-E11A1CB4C0C5}.Release|x64.Build.0 = Release|x64
		{57A8D2E8-ABCB-48B8-A3AB-E11A1CB4C0C5}.Release|x86.ActiveCfg = Release|Win32
		{57A8D2E8-ABCB-48B8-A3AB-E11A1CB4C0C5}.Release|x86.Build.0 = Release|Win32
	EndGlobalSection
	GlobalSection(SolutionProperties) = preSolution
		HideSolutionNode = FALSE
	EndGlobalSection
	GlobalSection(ExtensibilityGlobals) = postSolution
		SolutionGuid = {467AACE7-193E-4E11-B3E8-7B25E5255C9F}
	EndGlobalSection
EndGlobal
